
Microsoft Visual Studio Solution File, Format Version 12.00
# Visual Studio Version 16
VisualStudioVersion = 16.0.33328.57
MinimumVisualStudioVersion = 10.0.40219.1
Project("{9A19103F-16F7-4668-BE54-9A1E7A4F7556}") = "Mission9_twilso48", "Mission9_twilso48.csproj", "{05523B62-FBB3-480F-9827-040AD099C672}"
EndProject
Global
	GlobalSection(SolutionConfigurationPlatforms) = preSolution
		Debug|Any CPU = Debug|Any CPU
		Release|Any CPU = Release|Any CPU
	EndGlobalSection
	GlobalSection(ProjectConfigurationPlatforms) = postSolution
		{05523B62-FBB3-480F-9827-040AD099C672}.Debug|Any CPU.ActiveCfg = Debug|Any CPU
		{05523B62-FBB3-480F-9827-040AD099C672}.Debug|Any CPU.Build.0 = Debug|Any CPU
		{05523B62-FBB3-480F-9827-040AD099C672}.Release|Any CPU.ActiveCfg = Release|Any CPU
		{05523B62-FBB3-480F-9827-040AD099C672}.Release|Any CPU.Build.0 = Release|Any CPU
	EndGlobalSection
	GlobalSection(SolutionProperties) = preSolution
		HideSolutionNode = FALSE
	EndGlobalSection
	GlobalSection(ExtensibilityGlobals) = postSolution
		SolutionGuid = {FB47BDD8-1D39-44B2-AC87-BE8653036347}
	EndGlobalSection
EndGlobal
